
Microsoft Visual Studio Solution File, Format Version 12.00
# Visual Studio Version 17
VisualStudioVersion = 17.12.35521.163
MinimumVisualStudioVersion = 10.0.40219.1
Project("{FAE04EC0-301F-11D3-BF4B-00C04F79EFBC}") = "Exercise - Call the methods", "Exercise - Call the methods\Exercise - Call the methods.csproj", "{BCB8B55E-D862-44BA-9496-DB32257699BE}"
EndProject
Project("{FAE04EC0-301F-11D3-BF4B-00C04F79EFBC}") = "Return values and parameters of methods", "Return values and parameters of methods\Return values and parameters of methods.csproj", "{1AFD34F7-5C15-4328-B2FA-DB4F969AD750}"
EndProject
Project("{FAE04EC0-301F-11D3-BF4B-00C04F79EFBC}") = "Challenge - Implement a method call", "Challenge - Implement a method call\Challenge - Implement a method call.csproj", "{9DBE79B7-78FB-4B6C-A318-0766632EFA76}"
EndProject
Global
	GlobalSection(SolutionConfigurationPlatforms) = preSolution
		Debug|Any CPU = Debug|Any CPU
		Release|Any CPU = Release|Any CPU
	EndGlobalSection
	GlobalSection(ProjectConfigurationPlatforms) = postSolution
		{BCB8B55E-D862-44BA-9496-DB32257699BE}.Debug|Any CPU.ActiveCfg = Debug|Any CPU
		{BCB8B55E-D862-44BA-9496-DB32257699BE}.Debug|Any CPU.Build.0 = Debug|Any CPU
		{BCB8B55E-D862-44BA-9496-DB32257699BE}.Release|Any CPU.ActiveCfg = Release|Any CPU
		{BCB8B55E-D862-44BA-9496-DB32257699BE}.Release|Any CPU.Build.0 = Release|Any CPU
		{1AFD34F7-5C15-4328-B2FA-DB4F969AD750}.Debug|Any CPU.ActiveCfg = Debug|Any CPU
		{1AFD34F7-5C15-4328-B2FA-DB4F969AD750}.Debug|Any CPU.Build.0 = Debug|Any CPU
		{1AFD34F7-5C15-4328-B2FA-DB4F969AD750}.Release|Any CPU.ActiveCfg = Release|Any CPU
		{1AFD34F7-5C15-4328-B2FA-DB4F969AD750}.Release|Any CPU.Build.0 = Release|Any CPU
		{9DBE79B7-78FB-4B6C-A318-0766632EFA76}.Debug|Any CPU.ActiveCfg = Debug|Any CPU
		{9DBE79B7-78FB-4B6C-A318-0766632EFA76}.Debug|Any CPU.Build.0 = Debug|Any CPU
		{9DBE79B7-78FB-4B6C-A318-0766632EFA76}.Release|Any CPU.ActiveCfg = Release|Any CPU
		{9DBE79B7-78FB-4B6C-A318-0766632EFA76}.Release|Any CPU.Build.0 = Release|Any CPU
	EndGlobalSection
	GlobalSection(SolutionProperties) = preSolution
		HideSolutionNode = FALSE
	EndGlobalSection
EndGlobal
