
Microsoft Visual Studio Solution File, Format Version 12.00
# Visual Studio Version 17
VisualStudioVersion = 17.12.35521.163 d17.12
MinimumVisualStudioVersion = 10.0.40219.1
Project("{FAE04EC0-301F-11D3-BF4B-00C04F79EFBC}") = "Guided Project - Calculate and Print Student Grades", "Guided Project - Calculate and Print Student Grades.csproj", "{74D916C9-5F99-4C8F-A2E0-ED6016B624BC}"
EndProject
Global
	GlobalSection(SolutionConfigurationPlatforms) = preSolution
		Debug|Any CPU = Debug|Any CPU
		Release|Any CPU = Release|Any CPU
	EndGlobalSection
	GlobalSection(ProjectConfigurationPlatforms) = postSolution
		{74D916C9-5F99-4C8F-A2E0-ED6016B624BC}.Debug|Any CPU.ActiveCfg = Debug|Any CPU
		{74D916C9-5F99-4C8F-A2E0-ED6016B624BC}.Debug|Any CPU.Build.0 = Debug|Any CPU
		{74D916C9-5F99-4C8F-A2E0-ED6016B624BC}.Release|Any CPU.ActiveCfg = Release|Any CPU
		{74D916C9-5F99-4C8F-A2E0-ED6016B624BC}.Release|Any CPU.Build.0 = Release|Any CPU
	EndGlobalSection
	GlobalSection(SolutionProperties) = preSolution
		HideSolutionNode = FALSE
	EndGlobalSection
EndGlobal
