
Microsoft Visual Studio Solution File, Format Version 12.00
# Visual Studio Version 17
VisualStudioVersion = 17.12.35521.163
MinimumVisualStudioVersion = 10.0.40219.1
Project("{FAE04EC0-301F-11D3-BF4B-00C04F79EFBC}") = "Exercise - Perform addition with implicit data conversion", "Exercise - Perform addition with implicit data conversion\Exercise - Perform addition with implicit data conversion.csproj", "{E3CF75B3-12E0-4E32-AAFF-A991146CAAF4}"
EndProject
Project("{FAE04EC0-301F-11D3-BF4B-00C04F79EFBC}") = "Exercise - Perform math operations", "Exercise - Perform math operations\Exercise - Perform math operations.csproj", "{56D87422-551B-479A-9515-23A81B66A4A6}"
EndProject
Project("{FAE04EC0-301F-11D3-BF4B-00C04F79EFBC}") = "Exercise - Increment and decrement values", "Exercise - Increment and decrement values\Exercise - Increment and decrement values.csproj", "{E6501F09-548A-42D9-AEAC-BB925ED90840}"
EndProject
Project("{FAE04EC0-301F-11D3-BF4B-00C04F79EFBC}") = "Challenge - Convert Fahrenheit to Celsius", "Challenge - Convert Fahrenheit to Celsius\Challenge - Convert Fahrenheit to Celsius.csproj", "{DD915380-C728-4324-83E7-AF85A88323EA}"
EndProject
Global
	GlobalSection(SolutionConfigurationPlatforms) = preSolution
		Debug|Any CPU = Debug|Any CPU
		Release|Any CPU = Release|Any CPU
	EndGlobalSection
	GlobalSection(ProjectConfigurationPlatforms) = postSolution
		{E3CF75B3-12E0-4E32-AAFF-A991146CAAF4}.Debug|Any CPU.ActiveCfg = Debug|Any CPU
		{E3CF75B3-12E0-4E32-AAFF-A991146CAAF4}.Debug|Any CPU.Build.0 = Debug|Any CPU
		{E3CF75B3-12E0-4E32-AAFF-A991146CAAF4}.Release|Any CPU.ActiveCfg = Release|Any CPU
		{E3CF75B3-12E0-4E32-AAFF-A991146CAAF4}.Release|Any CPU.Build.0 = Release|Any CPU
		{56D87422-551B-479A-9515-23A81B66A4A6}.Debug|Any CPU.ActiveCfg = Debug|Any CPU
		{56D87422-551B-479A-9515-23A81B66A4A6}.Debug|Any CPU.Build.0 = Debug|Any CPU
		{56D87422-551B-479A-9515-23A81B66A4A6}.Release|Any CPU.ActiveCfg = Release|Any CPU
		{56D87422-551B-479A-9515-23A81B66A4A6}.Release|Any CPU.Build.0 = Release|Any CPU
		{E6501F09-548A-42D9-AEAC-BB925ED90840}.Debug|Any CPU.ActiveCfg = Debug|Any CPU
		{E6501F09-548A-42D9-AEAC-BB925ED90840}.Debug|Any CPU.Build.0 = Debug|Any CPU
		{E6501F09-548A-42D9-AEAC-BB925ED90840}.Release|Any CPU.ActiveCfg = Release|Any CPU
		{E6501F09-548A-42D9-AEAC-BB925ED90840}.Release|Any CPU.Build.0 = Release|Any CPU
		{DD915380-C728-4324-83E7-AF85A88323EA}.Debug|Any CPU.ActiveCfg = Debug|Any CPU
		{DD915380-C728-4324-83E7-AF85A88323EA}.Debug|Any CPU.Build.0 = Debug|Any CPU
		{DD915380-C728-4324-83E7-AF85A88323EA}.Release|Any CPU.ActiveCfg = Release|Any CPU
		{DD915380-C728-4324-83E7-AF85A88323EA}.Release|Any CPU.Build.0 = Release|Any CPU
	EndGlobalSection
	GlobalSection(SolutionProperties) = preSolution
		HideSolutionNode = FALSE
	EndGlobalSection
EndGlobal
